{
  "name": "give-ai-a-spine",
  "version": "0.1.0",
  "lockfileVersion": 3,
  "requires": true,
  "packages": {
    "": {
      "name": "give-ai-a-spine",
      "version": "0.1.0",
      "license": "MIT",
      "bin": {
        "give-ai-a-spine": "scripts/install.mjs"
      },
      "engines": {
        "node": ">=20"
      }
    }
  }
}
